
Microsoft Visual Studio Solution File, Format Version 12.00
# Visual Studio Version 17
VisualStudioVersion = 17.8.34408.163
MinimumVisualStudioVersion = 10.0.40219.1
Project("{2150E333-8FDC-42A3-9474-1A3956D46DE8}") = "src", "src", "{C9382BFF-5702-49FB-9859-ACEA19BEF364}"
EndProject
Project("{FAE04EC0-301F-11D3-BF4B-00C04F79EFBC}") = "Webapi.Nc7.Movies", "Webapi.Nc7.Movies\Webapi.Nc7.Movies.csproj", "{A2465383-09B4-4B5A-A936-E54149F24150}"
EndProject
Global
	GlobalSection(SolutionConfigurationPlatforms) = preSolution
		Debug|Any CPU = Debug|Any CPU
		Release|Any CPU = Release|Any CPU
	EndGlobalSection
	GlobalSection(ProjectConfigurationPlatforms) = postSolution
		{A2465383-09B4-4B5A-A936-E54149F24150}.Debug|Any CPU.ActiveCfg = Debug|Any CPU
		{A2465383-09B4-4B5A-A936-E54149F24150}.Debug|Any CPU.Build.0 = Debug|Any CPU
		{A2465383-09B4-4B5A-A936-E54149F24150}.Release|Any CPU.ActiveCfg = Release|Any CPU
		{A2465383-09B4-4B5A-A936-E54149F24150}.Release|Any CPU.Build.0 = Release|Any CPU
	EndGlobalSection
	GlobalSection(SolutionProperties) = preSolution
		HideSolutionNode = FALSE
	EndGlobalSection
	GlobalSection(NestedProjects) = preSolution
		{A2465383-09B4-4B5A-A936-E54149F24150} = {C9382BFF-5702-49FB-9859-ACEA19BEF364}
	EndGlobalSection
	GlobalSection(ExtensibilityGlobals) = postSolution
		SolutionGuid = {7866E6B2-D97A-4C95-9C05-05D04DD03D66}
	EndGlobalSection
EndGlobal
